
Microsoft Visual Studio Solution File, Format Version 12.00
# Visual Studio Version 17
VisualStudioVersion = 17.14.37216.2 d17.14
MinimumVisualStudioVersion = 10.0.40219.1
Project("{FAE04EC0-301F-11D3-BF4B-00C04F79EFBC}") = "Entregas.API", "Entregas.API\Entregas.API.csproj", "{534120E0-D8D1-4D1D-9743-5A2C2D744663}"
EndProject
Project("{FAE04EC0-301F-11D3-BF4B-00C04F79EFBC}") = "Entregas.MAUI", "Entregas.MAUI\Entregas.MAUI.csproj", "{F2FFAB87-345E-42DB-9B64-82F130C8C78D}"
EndProject
Global
	GlobalSection(SolutionConfigurationPlatforms) = preSolution
		Debug|Any CPU = Debug|Any CPU
		Release|Any CPU = Release|Any CPU
	EndGlobalSection
	GlobalSection(ProjectConfigurationPlatforms) = postSolution
		{534120E0-D8D1-4D1D-9743-5A2C2D744663}.Debug|Any CPU.ActiveCfg = Debug|Any CPU
		{534120E0-D8D1-4D1D-9743-5A2C2D744663}.Debug|Any CPU.Build.0 = Debug|Any CPU
		{534120E0-D8D1-4D1D-9743-5A2C2D744663}.Release|Any CPU.ActiveCfg = Release|Any CPU
		{534120E0-D8D1-4D1D-9743-5A2C2D744663}.Release|Any CPU.Build.0 = Release|Any CPU
		{F2FFAB87-345E-42DB-9B64-82F130C8C78D}.Debug|Any CPU.ActiveCfg = Debug|Any CPU
		{F2FFAB87-345E-42DB-9B64-82F130C8C78D}.Debug|Any CPU.Build.0 = Debug|Any CPU
		{F2FFAB87-345E-42DB-9B64-82F130C8C78D}.Debug|Any CPU.Deploy.0 = Debug|Any CPU
		{F2FFAB87-345E-42DB-9B64-82F130C8C78D}.Release|Any CPU.ActiveCfg = Release|Any CPU
		{F2FFAB87-345E-42DB-9B64-82F130C8C78D}.Release|Any CPU.Build.0 = Release|Any CPU
	EndGlobalSection
	GlobalSection(SolutionProperties) = preSolution
		HideSolutionNode = FALSE
	EndGlobalSection
	GlobalSection(ExtensibilityGlobals) = postSolution
		SolutionGuid = {412FBB41-E5F3-4E2C-A38D-AFFD02064AD7}
	EndGlobalSection
EndGlobal
